
Microsoft Visual Studio Solution File, Format Version 12.00
# Visual Studio 15
VisualStudioVersion = 15.0.28307.421
MinimumVisualStudioVersion = 10.0.40219.1
Project("{FAE04EC0-301F-11D3-BF4B-00C04F79EFBC}") = "ConsoleUI", "Simple Scanning\ConsoleUI.csproj", "{FBB744A3-C4E8-44F1-A26A-CDF2F91D99DF}"
EndProject
Project("{FAE04EC0-301F-11D3-BF4B-00C04F79EFBC}") = "LinqLibrary", "LinqLibrary\LinqLibrary.csproj", "{20BC390A-730C-4D93-B32D-0A7C0A3754C5}"
EndProject
Global
	GlobalSection(SolutionConfigurationPlatforms) = preSolution
		Debug|Any CPU = Debug|Any CPU
		Release|Any CPU = Release|Any CPU
	EndGlobalSection
	GlobalSection(ProjectConfigurationPlatforms) = postSolution
		{FBB744A3-C4E8-44F1-A26A-CDF2F91D99DF}.Debug|Any CPU.ActiveCfg = Debug|Any CPU
		{FBB744A3-C4E8-44F1-A26A-CDF2F91D99DF}.Debug|Any CPU.Build.0 = Debug|Any CPU
		{FBB744A3-C4E8-44F1-A26A-CDF2F91D99DF}.Release|Any CPU.ActiveCfg = Release|Any CPU
		{FBB744A3-C4E8-44F1-A26A-CDF2F91D99DF}.Release|Any CPU.Build.0 = Release|Any CPU
		{20BC390A-730C-4D93-B32D-0A7C0A3754C5}.Debug|Any CPU.ActiveCfg = Debug|Any CPU
		{20BC390A-730C-4D93-B32D-0A7C0A3754C5}.Debug|Any CPU.Build.0 = Debug|Any CPU
		{20BC390A-730C-4D93-B32D-0A7C0A3754C5}.Release|Any CPU.ActiveCfg = Release|Any CPU
		{20BC390A-730C-4D93-B32D-0A7C0A3754C5}.Release|Any CPU.Build.0 = Release|Any CPU
	EndGlobalSection
	GlobalSection(SolutionProperties) = preSolution
		HideSolutionNode = FALSE
	EndGlobalSection
	GlobalSection(ExtensibilityGlobals) = postSolution
		SolutionGuid = {C02A987E-9B90-4DBC-A0D3-5E45DFBA2848}
	EndGlobalSection
EndGlobal
